{
  "nodes": {
    "mc": {
      "flake": false,
      "locked": {
        "lastModified": 1706640903,
        "narHash": "sha256-8xeTZaWcUwBYvEOeQ1Mzy2VaHZtvVKxCwNQg9ereZwk=",
        "owner": "MidnightCommander",
        "repo": "mc",
        "rev": "c1832fd586361f9c5a62a77da0d6c4a693a9ac51",
        "type": "github"
      },
      "original": {
        "owner": "MidnightCommander",
        "repo": "mc",
        "type": "github"
      }
    },
    "nixpkgs": {
      "locked": {
        "lastModified": 1707092692,
        "narHash": "sha256-ZbHsm+mGk/izkWtT4xwwqz38fdlwu7nUUKXTOmm4SyE=",
        "owner": "NixOS",
        "repo": "nixpkgs",
        "rev": "faf912b086576fd1a15fca610166c98d47bc667e",
        "type": "github"
      },
      "original": {
        "owner": "NixOS",
        "ref": "nixos-unstable",
        "repo": "nixpkgs",
        "type": "github"
      }
    },
    "root": {
      "inputs": {
        "mc": "mc",
        "nixpkgs": "nixpkgs"
      }
    }
  },
  "root": "root",
  "version": 7
}
