{
  "nodes": {
    "mc": {
      "flake": false,
      "locked": {
        "lastModified": 1706430579,
        "narHash": "sha256-HbKSW1PMB0uC3olexNFa7ZSlgu3kRsaDvRIyQujbyhY=",
        "owner": "MidnightCommander",
        "repo": "mc",
        "rev": "147f28ab24bf69a3465ae752f89da34ea0bf74b2",
        "type": "github"
      },
      "original": {
        "owner": "MidnightCommander",
        "repo": "mc",
        "type": "github"
      }
    },
    "nixpkgs": {
      "locked": {
        "lastModified": 1706191920,
        "narHash": "sha256-eLihrZAPZX0R6RyM5fYAWeKVNuQPYjAkCUBr+JNvtdE=",
        "owner": "NixOS",
        "repo": "nixpkgs",
        "rev": "ae5c332cbb5827f6b1f02572496b141021de335f",
        "type": "github"
      },
      "original": {
        "owner": "NixOS",
        "ref": "nixos-unstable",
        "repo": "nixpkgs",
        "type": "github"
      }
    },
    "root": {
      "inputs": {
        "mc": "mc",
        "nixpkgs": "nixpkgs"
      }
    }
  },
  "root": "root",
  "version": 7
}
